
Microsoft Visual Studio Solution File, Format Version 12.00
# Visual Studio 2013
VisualStudioVersion = 12.0.40629.0
MinimumVisualStudioVersion = 10.0.40219.1
Project("{FAE04EC0-301F-11D3-BF4B-00C04F79EFBC}") = "DS.Common", "DS.Common\DS.Common.csproj", "{5D74B3DE-D882-4949-B781-1720C863B41E}"
EndProject
Project("{FAE04EC0-301F-11D3-BF4B-00C04F79EFBC}") = "DS.Data", "DS.Data\DS.Data.csproj", "{847C428B-79E6-43CD-95E9-38DB27644CFB}"
EndProject
Project("{FAE04EC0-301F-11D3-BF4B-00C04F79EFBC}") = "DS.Model", "DS.Model\DS.Model.csproj", "{2A45D147-0E3A-4335-9368-FCEF8D5F2A3D}"
EndProject
Project("{FAE04EC0-301F-11D3-BF4B-00C04F79EFBC}") = "QuickFrame.ClientConnector", "QuickFrame.ClientConnector\QuickFrame.ClientConnector.csproj", "{F8AA65F0-E8FA-472E-B980-86257FCCC19D}"
EndProject
Project("{FAE04EC0-301F-11D3-BF4B-00C04F79EFBC}") = "QuickFrame.Common", "QuickFrame.Common\QuickFrame.Common.csproj", "{CEE6F7DD-73BA-47C2-B8DE-CAE081008F8F}"
EndProject
Project("{FAE04EC0-301F-11D3-BF4B-00C04F79EFBC}") = "QuickFrame.DbConnector", "QuickFrame.DbConnector\QuickFrame.DbConnector.csproj", "{CA859DC7-6383-4CC2-9479-D8D76B0DE844}"
EndProject
Project("{FAE04EC0-301F-11D3-BF4B-00C04F79EFBC}") = "QuickFrame.Model", "QuickFrame.Model\QuickFrame.Model.csproj", "{B9B164F9-754D-4FF1-AE17-ED5A8FC494D0}"
EndProject
Project("{FAE04EC0-301F-11D3-BF4B-00C04F79EFBC}") = "QuickFrame.Repository", "QuickFrame.Repository\QuickFrame.Repository.csproj", "{3EDFEB0A-D915-48E4-B724-4A0385674061}"
EndProject
Project("{FAE04EC0-301F-11D3-BF4B-00C04F79EFBC}") = "QuickFrame.Token.Client", "QuickFrame.Token.Client\QuickFrame.Token.Client.csproj", "{64B6831D-EB6B-423A-A7F0-92B77B7FBF62}"
EndProject
Project("{FAE04EC0-301F-11D3-BF4B-00C04F79EFBC}") = "QuickFrame.UI.Common", "QuickFrame.UI.Common\QuickFrame.UI.Common.csproj", "{B24C18EC-BF2C-4D53-AC75-7CDED5048A7E}"
EndProject
Project("{FAE04EC0-301F-11D3-BF4B-00C04F79EFBC}") = "QuickFrame.UI.Forms", "QuickFrame.UI.Forms\QuickFrame.UI.Forms.csproj", "{A7751D07-5FA4-4111-A20F-E971BAEB17AF}"
EndProject
Project("{FAE04EC0-301F-11D3-BF4B-00C04F79EFBC}") = "QuickFrame.Model.Token", "QuickFrame.Model.Token\QuickFrame.Model.Token.csproj", "{8F1C6ECB-5068-4839-85DD-F6A195191637}"
EndProject
Project("{2150E333-8FDC-42A3-9474-1A3956D46DE8}") = "QuickFrame", "QuickFrame", "{3F42C899-EB5F-4B35-97D6-9648319C34AC}"
EndProject
Project("{2150E333-8FDC-42A3-9474-1A3956D46DE8}") = "DispatchSYS", "DispatchSYS", "{5E32EBA2-5672-465A-B934-982067FFDF1A}"
EndProject
Project("{2150E333-8FDC-42A3-9474-1A3956D46DE8}") = "DS", "DS", "{E56BFB7D-D1EC-47DF-B537-D7682FBEDCEC}"
EndProject
Project("{FAE04EC0-301F-11D3-BF4B-00C04F79EFBC}") = "CarDistpatchSYS", "CarDistpatchSYS\CarDistpatchSYS.csproj", "{53601487-3C76-49FA-B15A-3F05020726E5}"
EndProject
Project("{6141683F-8A12-4E36-9623-2EB02B2C2303}") = "CarDispathSYS_Setup", "CarDispathSYS_Setup\CarDispathSYS_Setup.isproj", "{7C1ABF64-EA0E-42BD-82B4-419AF8BB13E5}"
EndProject
Global
	GlobalSection(SolutionConfigurationPlatforms) = preSolution
		CD_ROM|Any CPU = CD_ROM|Any CPU
		CD_ROM|x86 = CD_ROM|x86
		Debug|Any CPU = Debug|Any CPU
		Debug|x86 = Debug|x86
		DVD-5|Any CPU = DVD-5|Any CPU
		DVD-5|x86 = DVD-5|x86
		Release|Any CPU = Release|Any CPU
		Release|x86 = Release|x86
		SingleImage|Any CPU = SingleImage|Any CPU
		SingleImage|x86 = SingleImage|x86
	EndGlobalSection
	GlobalSection(ProjectConfigurationPlatforms) = postSolution
		{5D74B3DE-D882-4949-B781-1720C863B41E}.CD_ROM|Any CPU.ActiveCfg = Release|Any CPU
		{5D74B3DE-D882-4949-B781-1720C863B41E}.CD_ROM|Any CPU.Build.0 = Release|Any CPU
		{5D74B3DE-D882-4949-B781-1720C863B41E}.CD_ROM|x86.ActiveCfg = Release|x86
		{5D74B3DE-D882-4949-B781-1720C863B41E}.CD_ROM|x86.Build.0 = Release|x86
		{5D74B3DE-D882-4949-B781-1720C863B41E}.Debug|Any CPU.ActiveCfg = Debug|Any CPU
		{5D74B3DE-D882-4949-B781-1720C863B41E}.Debug|Any CPU.Build.0 = Debug|Any CPU
		{5D74B3DE-D882-4949-B781-1720C863B41E}.Debug|x86.ActiveCfg = Debug|x86
		{5D74B3DE-D882-4949-B781-1720C863B41E}.Debug|x86.Build.0 = Debug|x86
		{5D74B3DE-D882-4949-B781-1720C863B41E}.DVD-5|Any CPU.ActiveCfg = Debug|Any CPU
		{5D74B3DE-D882-4949-B781-1720C863B41E}.DVD-5|Any CPU.Build.0 = Debug|Any CPU
		{5D74B3DE-D882-4949-B781-1720C863B41E}.DVD-5|x86.ActiveCfg = Debug|x86
		{5D74B3DE-D882-4949-B781-1720C863B41E}.DVD-5|x86.Build.0 = Debug|x86
		{5D74B3DE-D882-4949-B781-1720C863B41E}.Release|Any CPU.ActiveCfg = Release|Any CPU
		{5D74B3DE-D882-4949-B781-1720C863B41E}.Release|Any CPU.Build.0 = Release|Any CPU
		{5D74B3DE-D882-4949-B781-1720C863B41E}.Release|x86.ActiveCfg = Release|x86
		{5D74B3DE-D882-4949-B781-1720C863B41E}.Release|x86.Build.0 = Release|x86
		{5D74B3DE-D882-4949-B781-1720C863B41E}.SingleImage|Any CPU.ActiveCfg = Release|Any CPU
		{5D74B3DE-D882-4949-B781-1720C863B41E}.SingleImage|Any CPU.Build.0 = Release|Any CPU
		{5D74B3DE-D882-4949-B781-1720C863B41E}.SingleImage|x86.ActiveCfg = Release|x86
		{5D74B3DE-D882-4949-B781-1720C863B41E}.SingleImage|x86.Build.0 = Release|x86
		{847C428B-79E6-43CD-95E9-38DB27644CFB}.CD_ROM|Any CPU.ActiveCfg = Release|Any CPU
		{847C428B-79E6-43CD-95E9-38DB27644CFB}.CD_ROM|Any CPU.Build.0 = Release|Any CPU
		{847C428B-79E6-43CD-95E9-38DB27644CFB}.CD_ROM|x86.ActiveCfg = Release|x86
		{847C428B-79E6-43CD-95E9-38DB27644CFB}.CD_ROM|x86.Build.0 = Release|x86
		{847C428B-79E6-43CD-95E9-38DB27644CFB}.Debug|Any CPU.ActiveCfg = Debug|Any CPU
		{847C428B-79E6-43CD-95E9-38DB27644CFB}.Debug|Any CPU.Build.0 = Debug|Any CPU
		{847C428B-79E6-43CD-95E9-38DB27644CFB}.Debug|x86.ActiveCfg = Debug|x86
		{847C428B-79E6-43CD-95E9-38DB27644CFB}.Debug|x86.Build.0 = Debug|x86
		{847C428B-79E6-43CD-95E9-38DB27644CFB}.DVD-5|Any CPU.ActiveCfg = Debug|Any CPU
		{847C428B-79E6-43CD-95E9-38DB27644CFB}.DVD-5|Any CPU.Build.0 = Debug|Any CPU
		{847C428B-79E6-43CD-95E9-38DB27644CFB}.DVD-5|x86.ActiveCfg = Debug|x86
		{847C428B-79E6-43CD-95E9-38DB27644CFB}.DVD-5|x86.Build.0 = Debug|x86
		{847C428B-79E6-43CD-95E9-38DB27644CFB}.Release|Any CPU.ActiveCfg = Release|Any CPU
		{847C428B-79E6-43CD-95E9-38DB27644CFB}.Release|Any CPU.Build.0 = Release|Any CPU
		{847C428B-79E6-43CD-95E9-38DB27644CFB}.Release|x86.ActiveCfg = Release|x86
		{847C428B-79E6-43CD-95E9-38DB27644CFB}.Release|x86.Build.0 = Release|x86
		{847C428B-79E6-43CD-95E9-38DB27644CFB}.SingleImage|Any CPU.ActiveCfg = Release|Any CPU
		{847C428B-79E6-43CD-95E9-38DB27644CFB}.SingleImage|Any CPU.Build.0 = Release|Any CPU
		{847C428B-79E6-43CD-95E9-38DB27644CFB}.SingleImage|x86.ActiveCfg = Release|x86
		{847C428B-79E6-43CD-95E9-38DB27644CFB}.SingleImage|x86.Build.0 = Release|x86
		{2A45D147-0E3A-4335-9368-FCEF8D5F2A3D}.CD_ROM|Any CPU.ActiveCfg = Release|Any CPU
		{2A45D147-0E3A-4335-9368-FCEF8D5F2A3D}.CD_ROM|Any CPU.Build.0 = Release|Any CPU
		{2A45D147-0E3A-4335-9368-FCEF8D5F2A3D}.CD_ROM|x86.ActiveCfg = Release|x86
		{2A45D147-0E3A-4335-9368-FCEF8D5F2A3D}.CD_ROM|x86.Build.0 = Release|x86
		{2A45D147-0E3A-4335-9368-FCEF8D5F2A3D}.Debug|Any CPU.ActiveCfg = Debug|Any CPU
		{2A45D147-0E3A-4335-9368-FCEF8D5F2A3D}.Debug|Any CPU.Build.0 = Debug|Any CPU
		{2A45D147-0E3A-4335-9368-FCEF8D5F2A3D}.Debug|x86.ActiveCfg = Debug|x86
		{2A45D147-0E3A-4335-9368-FCEF8D5F2A3D}.Debug|x86.Build.0 = Debug|x86
		{2A45D147-0E3A-4335-9368-FCEF8D5F2A3D}.DVD-5|Any CPU.ActiveCfg = Debug|Any CPU
		{2A45D147-0E3A-4335-9368-FCEF8D5F2A3D}.DVD-5|Any CPU.Build.0 = Debug|Any CPU
		{2A45D147-0E3A-4335-9368-FCEF8D5F2A3D}.DVD-5|x86.ActiveCfg = Debug|x86
		{2A45D147-0E3A-4335-9368-FCEF8D5F2A3D}.DVD-5|x86.Build.0 = Debug|x86
		{2A45D147-0E3A-4335-9368-FCEF8D5F2A3D}.Release|Any CPU.ActiveCfg = Release|Any CPU
		{2A45D147-0E3A-4335-9368-FCEF8D5F2A3D}.Release|Any CPU.Build.0 = Release|Any CPU
		{2A45D147-0E3A-4335-9368-FCEF8D5F2A3D}.Release|x86.ActiveCfg = Release|x86
		{2A45D147-0E3A-4335-9368-FCEF8D5F2A3D}.Release|x86.Build.0 = Release|x86
		{2A45D147-0E3A-4335-9368-FCEF8D5F2A3D}.SingleImage|Any CPU.ActiveCfg = Release|Any CPU
		{2A45D147-0E3A-4335-9368-FCEF8D5F2A3D}.SingleImage|Any CPU.Build.0 = Release|Any CPU
		{2A45D147-0E3A-4335-9368-FCEF8D5F2A3D}.SingleImage|x86.ActiveCfg = Release|x86
		{2A45D147-0E3A-4335-9368-FCEF8D5F2A3D}.SingleImage|x86.Build.0 = Release|x86
		{F8AA65F0-E8FA-472E-B980-86257FCCC19D}.CD_ROM|Any CPU.ActiveCfg = Release|Any CPU
		{F8AA65F0-E8FA-472E-B980-86257FCCC19D}.CD_ROM|Any CPU.Build.0 = Release|Any CPU
		{F8AA65F0-E8FA-472E-B980-86257FCCC19D}.CD_ROM|x86.ActiveCfg = Release|x86
		{F8AA65F0-E8FA-472E-B980-86257FCCC19D}.CD_ROM|x86.Build.0 = Release|x86
		{F8AA65F0-E8FA-472E-B980-86257FCCC19D}.Debug|Any CPU.ActiveCfg = Debug|Any CPU
		{F8AA65F0-E8FA-472E-B980-86257FCCC19D}.Debug|Any CPU.Build.0 = Debug|Any CPU
		{F8AA65F0-E8FA-472E-B980-86257FCCC19D}.Debug|x86.ActiveCfg = Debug|x86
		{F8AA65F0-E8FA-472E-B980-86257FCCC19D}.Debug|x86.Build.0 = Debug|x86
		{F8AA65F0-E8FA-472E-B980-86257FCCC19D}.DVD-5|Any CPU.ActiveCfg = Debug|Any CPU
		{F8AA65F0-E8FA-472E-B980-86257FCCC19D}.DVD-5|Any CPU.Build.0 = Debug|Any CPU
		{F8AA65F0-E8FA-472E-B980-86257FCCC19D}.DVD-5|x86.ActiveCfg = Debug|x86
		{F8AA65F0-E8FA-472E-B980-86257FCCC19D}.DVD-5|x86.Build.0 = Debug|x86
		{F8AA65F0-E8FA-472E-B980-86257FCCC19D}.Release|Any CPU.ActiveCfg = Release|Any CPU
		{F8AA65F0-E8FA-472E-B980-86257FCCC19D}.Release|Any CPU.Build.0 = Release|Any CPU
		{F8AA65F0-E8FA-472E-B980-86257FCCC19D}.Release|x86.ActiveCfg = Release|x86
		{F8AA65F0-E8FA-472E-B980-86257FCCC19D}.Release|x86.Build.0 = Release|x86
		{F8AA65F0-E8FA-472E-B980-86257FCCC19D}.SingleImage|Any CPU.ActiveCfg = Release|Any CPU
		{F8AA65F0-E8FA-472E-B980-86257FCCC19D}.SingleImage|Any CPU.Build.0 = Release|Any CPU
		{F8AA65F0-E8FA-472E-B980-86257FCCC19D}.SingleImage|x86.ActiveCfg = Release|x86
		{F8AA65F0-E8FA-472E-B980-86257FCCC19D}.SingleImage|x86.Build.0 = Release|x86
		{CEE6F7DD-73BA-47C2-B8DE-CAE081008F8F}.CD_ROM|Any CPU.ActiveCfg = Release|Any CPU
		{CEE6F7DD-73BA-47C2-B8DE-CAE081008F8F}.CD_ROM|Any CPU.Build.0 = Release|Any CPU
		{CEE6F7DD-73BA-47C2-B8DE-CAE081008F8F}.CD_ROM|x86.ActiveCfg = Release|x86
		{CEE6F7DD-73BA-47C2-B8DE-CAE081008F8F}.CD_ROM|x86.Build.0 = Release|x86
		{CEE6F7DD-73BA-47C2-B8DE-CAE081008F8F}.Debug|Any CPU.ActiveCfg = Debug|Any CPU
		{CEE6F7DD-73BA-47C2-B8DE-CAE081008F8F}.Debug|Any CPU.Build.0 = Debug|Any CPU
		{CEE6F7DD-73BA-47C2-B8DE-CAE081008F8F}.Debug|x86.ActiveCfg = Debug|x86
		{CEE6F7DD-73BA-47C2-B8DE-CAE081008F8F}.Debug|x86.Build.0 = Debug|x86
		{CEE6F7DD-73BA-47C2-B8DE-CAE081008F8F}.DVD-5|Any CPU.ActiveCfg = Debug|Any CPU
		{CEE6F7DD-73BA-47C2-B8DE-CAE081008F8F}.DVD-5|Any CPU.Build.0 = Debug|Any CPU
		{CEE6F7DD-73BA-47C2-B8DE-CAE081008F8F}.DVD-5|x86.ActiveCfg = Debug|x86
		{CEE6F7DD-73BA-47C2-B8DE-CAE081008F8F}.DVD-5|x86.Build.0 = Debug|x86
		{CEE6F7DD-73BA-47C2-B8DE-CAE081008F8F}.Release|Any CPU.ActiveCfg = Release|Any CPU
		{CEE6F7DD-73BA-47C2-B8DE-CAE081008F8F}.Release|Any CPU.Build.0 = Release|Any CPU
		{CEE6F7DD-73BA-47C2-B8DE-CAE081008F8F}.Release|x86.ActiveCfg = Release|x86
		{CEE6F7DD-73BA-47C2-B8DE-CAE081008F8F}.Release|x86.Build.0 = Release|x86
		{CEE6F7DD-73BA-47C2-B8DE-CAE081008F8F}.SingleImage|Any CPU.ActiveCfg = Release|Any CPU
		{CEE6F7DD-73BA-47C2-B8DE-CAE081008F8F}.SingleImage|Any CPU.Build.0 = Release|Any CPU
		{CEE6F7DD-73BA-47C2-B8DE-CAE081008F8F}.SingleImage|x86.ActiveCfg = Release|x86
		{CEE6F7DD-73BA-47C2-B8DE-CAE081008F8F}.SingleImage|x86.Build.0 = Release|x86
		{CA859DC7-6383-4CC2-9479-D8D76B0DE844}.CD_ROM|Any CPU.ActiveCfg = Release|Any CPU
		{CA859DC7-6383-4CC2-9479-D8D76B0DE844}.CD_ROM|Any CPU.Build.0 = Release|Any CPU
		{CA859DC7-6383-4CC2-9479-D8D76B0DE844}.CD_ROM|x86.ActiveCfg = Release|x86
		{CA859DC7-6383-4CC2-9479-D8D76B0DE844}.CD_ROM|x86.Build.0 = Release|x86
		{CA859DC7-6383-4CC2-9479-D8D76B0DE844}.Debug|Any CPU.ActiveCfg = Debug|Any CPU
		{CA859DC7-6383-4CC2-9479-D8D76B0DE844}.Debug|Any CPU.Build.0 = Debug|Any CPU
		{CA859DC7-6383-4CC2-9479-D8D76B0DE844}.Debug|x86.ActiveCfg = Debug|x86
		{CA859DC7-6383-4CC2-9479-D8D76B0DE844}.Debug|x86.Build.0 = Debug|x86
		{CA859DC7-6383-4CC2-9479-D8D76B0DE844}.DVD-5|Any CPU.ActiveCfg = Debug|Any CPU
		{CA859DC7-6383-4CC2-9479-D8D76B0DE844}.DVD-5|Any CPU.Build.0 = Debug|Any CPU
		{CA859DC7-6383-4CC2-9479-D8D76B0DE844}.DVD-5|x86.ActiveCfg = Debug|x86
		{CA859DC7-6383-4CC2-9479-D8D76B0DE844}.DVD-5|x86.Build.0 = Debug|x86
		{CA859DC7-6383-4CC2-9479-D8D76B0DE844}.Release|Any CPU.ActiveCfg = Release|Any CPU
		{CA859DC7-6383-4CC2-9479-D8D76B0DE844}.Release|Any CPU.Build.0 = Release|Any CPU
		{CA859DC7-6383-4CC2-9479-D8D76B0DE844}.Release|x86.ActiveCfg = Release|x86
		{CA859DC7-6383-4CC2-9479-D8D76B0DE844}.Release|x86.Build.0 = Release|x86
		{CA859DC7-6383-4CC2-9479-D8D76B0DE844}.SingleImage|Any CPU.ActiveCfg = Release|Any CPU
		{CA859DC7-6383-4CC2-9479-D8D76B0DE844}.SingleImage|Any CPU.Build.0 = Release|Any CPU
		{CA859DC7-6383-4CC2-9479-D8D76B0DE844}.SingleImage|x86.ActiveCfg = Release|x86
		{CA859DC7-6383-4CC2-9479-D8D76B0DE844}.SingleImage|x86.Build.0 = Release|x86
		{B9B164F9-754D-4FF1-AE17-ED5A8FC494D0}.CD_ROM|Any CPU.ActiveCfg = Release|Any CPU
		{B9B164F9-754D-4FF1-AE17-ED5A8FC494D0}.CD_ROM|Any CPU.Build.0 = Release|Any CPU
		{B9B164F9-754D-4FF1-AE17-ED5A8FC494D0}.CD_ROM|x86.ActiveCfg = Release|x86
		{B9B164F9-754D-4FF1-AE17-ED5A8FC494D0}.CD_ROM|x86.Build.0 = Release|x86
		{B9B164F9-754D-4FF1-AE17-ED5A8FC494D0}.Debug|Any CPU.ActiveCfg = Debug|Any CPU
		{B9B164F9-754D-4FF1-AE17-ED5A8FC494D0}.Debug|Any CPU.Build.0 = Debug|Any CPU
		{B9B164F9-754D-4FF1-AE17-ED5A8FC494D0}.Debug|x86.ActiveCfg = Debug|x86
		{B9B164F9-754D-4FF1-AE17-ED5A8FC494D0}.Debug|x86.Build.0 = Debug|x86
		{B9B164F9-754D-4FF1-AE17-ED5A8FC494D0}.DVD-5|Any CPU.ActiveCfg = Debug|Any CPU
		{B9B164F9-754D-4FF1-AE17-ED5A8FC494D0}.DVD-5|Any CPU.Build.0 = Debug|Any CPU
		{B9B164F9-754D-4FF1-AE17-ED5A8FC494D0}.DVD-5|x86.ActiveCfg = Debug|x86
		{B9B164F9-754D-4FF1-AE17-ED5A8FC494D0}.DVD-5|x86.Build.0 = Debug|x86
		{B9B164F9-754D-4FF1-AE17-ED5A8FC494D0}.Release|Any CPU.ActiveCfg = Release|Any CPU
		{B9B164F9-754D-4FF1-AE17-ED5A8FC494D0}.Release|Any CPU.Build.0 = Release|Any CPU
		{B9B164F9-754D-4FF1-AE17-ED5A8FC494D0}.Release|x86.ActiveCfg = Release|x86
		{B9B164F9-754D-4FF1-AE17-ED5A8FC494D0}.Release|x86.Build.0 = Release|x86
		{B9B164F9-754D-4FF1-AE17-ED5A8FC494D0}.SingleImage|Any CPU.ActiveCfg = Release|Any CPU
		{B9B164F9-754D-4FF1-AE17-ED5A8FC494D0}.SingleImage|Any CPU.Build.0 = Release|Any CPU
		{B9B164F9-754D-4FF1-AE17-ED5A8FC494D0}.SingleImage|x86.ActiveCfg = Release|x86
		{B9B164F9-754D-4FF1-AE17-ED5A8FC494D0}.SingleImage|x86.Build.0 = Release|x86
		{3EDFEB0A-D915-48E4-B724-4A0385674061}.CD_ROM|Any CPU.ActiveCfg = Release|Any CPU
		{3EDFEB0A-D915-48E4-B724-4A0385674061}.CD_ROM|Any CPU.Build.0 = Release|Any CPU
		{3EDFEB0A-D915-48E4-B724-4A0385674061}.CD_ROM|x86.ActiveCfg = Release|x86
		{3EDFEB0A-D915-48E4-B724-4A0385674061}.CD_ROM|x86.Build.0 = Release|x86
		{3EDFEB0A-D915-48E4-B724-4A0385674061}.Debug|Any CPU.ActiveCfg = Debug|Any CPU
		{3EDFEB0A-D915-48E4-B724-4A0385674061}.Debug|Any CPU.Build.0 = Debug|Any CPU
		{3EDFEB0A-D915-48E4-B724-4A0385674061}.Debug|x86.ActiveCfg = Debug|x86
		{3EDFEB0A-D915-48E4-B724-4A0385674061}.Debug|x86.Build.0 = Debug|x86
		{3EDFEB0A-D915-48E4-B724-4A0385674061}.DVD-5|Any CPU.ActiveCfg = Debug|Any CPU
		{3EDFEB0A-D915-48E4-B724-4A0385674061}.DVD-5|Any CPU.Build.0 = Debug|Any CPU
		{3EDFEB0A-D915-48E4-B724-4A0385674061}.DVD-5|x86.ActiveCfg = Debug|x86
		{3EDFEB0A-D915-48E4-B724-4A0385674061}.DVD-5|x86.Build.0 = Debug|x86
		{3EDFEB0A-D915-48E4-B724-4A0385674061}.Release|Any CPU.ActiveCfg = Release|Any CPU
		{3EDFEB0A-D915-48E4-B724-4A0385674061}.Release|Any CPU.Build.0 = Release|Any CPU
		{3EDFEB0A-D915-48E4-B724-4A0385674061}.Release|x86.ActiveCfg = Release|x86
		{3EDFEB0A-D915-48E4-B724-4A0385674061}.Release|x86.Build.0 = Release|x86
		{3EDFEB0A-D915-48E4-B724-4A0385674061}.SingleImage|Any CPU.ActiveCfg = Release|Any CPU
		{3EDFEB0A-D915-48E4-B724-4A0385674061}.SingleImage|Any CPU.Build.0 = Release|Any CPU
		{3EDFEB0A-D915-48E4-B724-4A0385674061}.SingleImage|x86.ActiveCfg = Release|x86
		{3EDFEB0A-D915-48E4-B724-4A0385674061}.SingleImage|x86.Build.0 = Release|x86
		{64B6831D-EB6B-423A-A7F0-92B77B7FBF62}.CD_ROM|Any CPU.ActiveCfg = Release|Any CPU
		{64B6831D-EB6B-423A-A7F0-92B77B7FBF62}.CD_ROM|Any CPU.Build.0 = Release|Any CPU
		{64B6831D-EB6B-423A-A7F0-92B77B7FBF62}.CD_ROM|x86.ActiveCfg = Release|x86
		{64B6831D-EB6B-423A-A7F0-92B77B7FBF62}.CD_ROM|x86.Build.0 = Release|x86
		{64B6831D-EB6B-423A-A7F0-92B77B7FBF62}.Debug|Any CPU.ActiveCfg = Debug|Any CPU
		{64B6831D-EB6B-423A-A7F0-92B77B7FBF62}.Debug|Any CPU.Build.0 = Debug|Any CPU
		{64B6831D-EB6B-423A-A7F0-92B77B7FBF62}.Debug|x86.ActiveCfg = Debug|x86
		{64B6831D-EB6B-423A-A7F0-92B77B7FBF62}.Debug|x86.Build.0 = Debug|x86
		{64B6831D-EB6B-423A-A7F0-92B77B7FBF62}.DVD-5|Any CPU.ActiveCfg = Debug|Any CPU
		{64B6831D-EB6B-423A-A7F0-92B77B7FBF62}.DVD-5|Any CPU.Build.0 = Debug|Any CPU
		{64B6831D-EB6B-423A-A7F0-92B77B7FBF62}.DVD-5|x86.ActiveCfg = Debug|x86
		{64B6831D-EB6B-423A-A7F0-92B77B7FBF62}.DVD-5|x86.Build.0 = Debug|x86
		{64B6831D-EB6B-423A-A7F0-92B77B7FBF62}.Release|Any CPU.ActiveCfg = Release|Any CPU
		{64B6831D-EB6B-423A-A7F0-92B77B7FBF62}.Release|Any CPU.Build.0 = Release|Any CPU
		{64B6831D-EB6B-423A-A7F0-92B77B7FBF62}.Release|x86.ActiveCfg = Release|x86
		{64B6831D-EB6B-423A-A7F0-92B77B7FBF62}.Release|x86.Build.0 = Release|x86
		{64B6831D-EB6B-423A-A7F0-92B77B7FBF62}.SingleImage|Any CPU.ActiveCfg = Release|Any CPU
		{64B6831D-EB6B-423A-A7F0-92B77B7FBF62}.SingleImage|Any CPU.Build.0 = Release|Any CPU
		{64B6831D-EB6B-423A-A7F0-92B77B7FBF62}.SingleImage|x86.ActiveCfg = Release|x86
		{64B6831D-EB6B-423A-A7F0-92B77B7FBF62}.SingleImage|x86.Build.0 = Release|x86
		{B24C18EC-BF2C-4D53-AC75-7CDED5048A7E}.CD_ROM|Any CPU.ActiveCfg = Release|Any CPU
		{B24C18EC-BF2C-4D53-AC75-7CDED5048A7E}.CD_ROM|Any CPU.Build.0 = Release|Any CPU
		{B24C18EC-BF2C-4D53-AC75-7CDED5048A7E}.CD_ROM|x86.ActiveCfg = Release|x86
		{B24C18EC-BF2C-4D53-AC75-7CDED5048A7E}.CD_ROM|x86.Build.0 = Release|x86
		{B24C18EC-BF2C-4D53-AC75-7CDED5048A7E}.Debug|Any CPU.ActiveCfg = Debug|Any CPU
		{B24C18EC-BF2C-4D53-AC75-7CDED5048A7E}.Debug|Any CPU.Build.0 = Debug|Any CPU
		{B24C18EC-BF2C-4D53-AC75-7CDED5048A7E}.Debug|x86.ActiveCfg = Debug|x86
		{B24C18EC-BF2C-4D53-AC75-7CDED5048A7E}.Debug|x86.Build.0 = Debug|x86
		{B24C18EC-BF2C-4D53-AC75-7CDED5048A7E}.DVD-5|Any CPU.ActiveCfg = Debug|Any CPU
		{B24C18EC-BF2C-4D53-AC75-7CDED5048A7E}.DVD-5|Any CPU.Build.0 = Debug|Any CPU
		{B24C18EC-BF2C-4D53-AC75-7CDED5048A7E}.DVD-5|x86.ActiveCfg = Debug|x86
		{B24C18EC-BF2C-4D53-AC75-7CDED5048A7E}.DVD-5|x86.Build.0 = Debug|x86
		{B24C18EC-BF2C-4D53-AC75-7CDED5048A7E}.Release|Any CPU.ActiveCfg = Release|Any CPU
		{B24C18EC-BF2C-4D53-AC75-7CDED5048A7E}.Release|Any CPU.Build.0 = Release|Any CPU
		{B24C18EC-BF2C-4D53-AC75-7CDED5048A7E}.Release|x86.ActiveCfg = Release|x86
		{B24C18EC-BF2C-4D53-AC75-7CDED5048A7E}.Release|x86.Build.0 = Release|x86
		{B24C18EC-BF2C-4D53-AC75-7CDED5048A7E}.SingleImage|Any CPU.ActiveCfg = Release|Any CPU
		{B24C18EC-BF2C-4D53-AC75-7CDED5048A7E}.SingleImage|Any CPU.Build.0 = Release|Any CPU
		{B24C18EC-BF2C-4D53-AC75-7CDED5048A7E}.SingleImage|x86.ActiveCfg = Release|x86
		{B24C18EC-BF2C-4D53-AC75-7CDED5048A7E}.SingleImage|x86.Build.0 = Release|x86
		{A7751D07-5FA4-4111-A20F-E971BAEB17AF}.CD_ROM|Any CPU.ActiveCfg = Release|Any CPU
		{A7751D07-5FA4-4111-A20F-E971BAEB17AF}.CD_ROM|Any CPU.Build.0 = Release|Any CPU
		{A7751D07-5FA4-4111-A20F-E971BAEB17AF}.CD_ROM|x86.ActiveCfg = Release|x86
		{A7751D07-5FA4-4111-A20F-E971BAEB17AF}.CD_ROM|x86.Build.0 = Release|x86
		{A7751D07-5FA4-4111-A20F-E971BAEB17AF}.Debug|Any CPU.ActiveCfg = Debug|Any CPU
		{A7751D07-5FA4-4111-A20F-E971BAEB17AF}.Debug|Any CPU.Build.0 = Debug|Any CPU
		{A7751D07-5FA4-4111-A20F-E971BAEB17AF}.Debug|x86.ActiveCfg = Debug|x86
		{A7751D07-5FA4-4111-A20F-E971BAEB17AF}.Debug|x86.Build.0 = Debug|x86
		{A7751D07-5FA4-4111-A20F-E971BAEB17AF}.DVD-5|Any CPU.ActiveCfg = Debug|Any CPU
		{A7751D07-5FA4-4111-A20F-E971BAEB17AF}.DVD-5|Any CPU.Build.0 = Debug|Any CPU
		{A7751D07-5FA4-4111-A20F-E971BAEB17AF}.DVD-5|x86.ActiveCfg = Debug|x86
		{A7751D07-5FA4-4111-A20F-E971BAEB17AF}.DVD-5|x86.Build.0 = Debug|x86
		{A7751D07-5FA4-4111-A20F-E971BAEB17AF}.Release|Any CPU.ActiveCfg = Release|Any CPU
		{A7751D07-5FA4-4111-A20F-E971BAEB17AF}.Release|Any CPU.Build.0 = Release|Any CPU
		{A7751D07-5FA4-4111-A20F-E971BAEB17AF}.Release|x86.ActiveCfg = Release|x86
		{A7751D07-5FA4-4111-A20F-E971BAEB17AF}.Release|x86.Build.0 = Release|x86
		{A7751D07-5FA4-4111-A20F-E971BAEB17AF}.SingleImage|Any CPU.ActiveCfg = Release|Any CPU
		{A7751D07-5FA4-4111-A20F-E971BAEB17AF}.SingleImage|Any CPU.Build.0 = Release|Any CPU
		{A7751D07-5FA4-4111-A20F-E971BAEB17AF}.SingleImage|x86.ActiveCfg = Release|x86
		{A7751D07-5FA4-4111-A20F-E971BAEB17AF}.SingleImage|x86.Build.0 = Release|x86
		{8F1C6ECB-5068-4839-85DD-F6A195191637}.CD_ROM|Any CPU.ActiveCfg = Release|Any CPU
		{8F1C6ECB-5068-4839-85DD-F6A195191637}.CD_ROM|Any CPU.Build.0 = Release|Any CPU
		{8F1C6ECB-5068-4839-85DD-F6A195191637}.CD_ROM|x86.ActiveCfg = Release|x86
		{8F1C6ECB-5068-4839-85DD-F6A195191637}.CD_ROM|x86.Build.0 = Release|x86
		{8F1C6ECB-5068-4839-85DD-F6A195191637}.Debug|Any CPU.ActiveCfg = Debug|Any CPU
		{8F1C6ECB-5068-4839-85DD-F6A195191637}.Debug|Any CPU.Build.0 = Debug|Any CPU
		{8F1C6ECB-5068-4839-85DD-F6A195191637}.Debug|x86.ActiveCfg = Debug|x86
		{8F1C6ECB-5068-4839-85DD-F6A195191637}.Debug|x86.Build.0 = Debug|x86
		{8F1C6ECB-5068-4839-85DD-F6A195191637}.DVD-5|Any CPU.ActiveCfg = Debug|Any CPU
		{8F1C6ECB-5068-4839-85DD-F6A195191637}.DVD-5|Any CPU.Build.0 = Debug|Any CPU
		{8F1C6ECB-5068-4839-85DD-F6A195191637}.DVD-5|x86.ActiveCfg = Debug|x86
		{8F1C6ECB-5068-4839-85DD-F6A195191637}.DVD-5|x86.Build.0 = Debug|x86
		{8F1C6ECB-5068-4839-85DD-F6A195191637}.Release|Any CPU.ActiveCfg = Release|Any CPU
		{8F1C6ECB-5068-4839-85DD-F6A195191637}.Release|Any CPU.Build.0 = Release|Any CPU
		{8F1C6ECB-5068-4839-85DD-F6A195191637}.Release|x86.ActiveCfg = Release|x86
		{8F1C6ECB-5068-4839-85DD-F6A195191637}.Release|x86.Build.0 = Release|x86
		{8F1C6ECB-5068-4839-85DD-F6A195191637}.SingleImage|Any CPU.ActiveCfg = Release|Any CPU
		{8F1C6ECB-5068-4839-85DD-F6A195191637}.SingleImage|Any CPU.Build.0 = Release|Any CPU
		{8F1C6ECB-5068-4839-85DD-F6A195191637}.SingleImage|x86.ActiveCfg = Release|x86
		{8F1C6ECB-5068-4839-85DD-F6A195191637}.SingleImage|x86.Build.0 = Release|x86
		{53601487-3C76-49FA-B15A-3F05020726E5}.CD_ROM|Any CPU.ActiveCfg = Release|Any CPU
		{53601487-3C76-49FA-B15A-3F05020726E5}.CD_ROM|Any CPU.Build.0 = Release|Any CPU
		{53601487-3C76-49FA-B15A-3F05020726E5}.CD_ROM|x86.ActiveCfg = Release|Any CPU
		{53601487-3C76-49FA-B15A-3F05020726E5}.Debug|Any CPU.ActiveCfg = Debug|Any CPU
		{53601487-3C76-49FA-B15A-3F05020726E5}.Debug|Any CPU.Build.0 = Debug|Any CPU
		{53601487-3C76-49FA-B15A-3F05020726E5}.Debug|x86.ActiveCfg = Debug|Any CPU
		{53601487-3C76-49FA-B15A-3F05020726E5}.DVD-5|Any CPU.ActiveCfg = Debug|Any CPU
		{53601487-3C76-49FA-B15A-3F05020726E5}.DVD-5|Any CPU.Build.0 = Debug|Any CPU
		{53601487-3C76-49FA-B15A-3F05020726E5}.DVD-5|x86.ActiveCfg = Debug|Any CPU
		{53601487-3C76-49FA-B15A-3F05020726E5}.Release|Any CPU.ActiveCfg = Release|Any CPU
		{53601487-3C76-49FA-B15A-3F05020726E5}.Release|Any CPU.Build.0 = Release|Any CPU
		{53601487-3C76-49FA-B15A-3F05020726E5}.Release|x86.ActiveCfg = Release|Any CPU
		{53601487-3C76-49FA-B15A-3F05020726E5}.SingleImage|Any CPU.ActiveCfg = Release|Any CPU
		{53601487-3C76-49FA-B15A-3F05020726E5}.SingleImage|Any CPU.Build.0 = Release|Any CPU
		{53601487-3C76-49FA-B15A-3F05020726E5}.SingleImage|x86.ActiveCfg = Release|Any CPU
		{7C1ABF64-EA0E-42BD-82B4-419AF8BB13E5}.CD_ROM|Any CPU.ActiveCfg = CD_ROM
		{7C1ABF64-EA0E-42BD-82B4-419AF8BB13E5}.CD_ROM|Any CPU.Build.0 = CD_ROM
		{7C1ABF64-EA0E-42BD-82B4-419AF8BB13E5}.CD_ROM|x86.ActiveCfg = CD_ROM
		{7C1ABF64-EA0E-42BD-82B4-419AF8BB13E5}.CD_ROM|x86.Build.0 = CD_ROM
		{7C1ABF64-EA0E-42BD-82B4-419AF8BB13E5}.Debug|Any CPU.ActiveCfg = DVD-5
		{7C1ABF64-EA0E-42BD-82B4-419AF8BB13E5}.Debug|Any CPU.Build.0 = DVD-5
		{7C1ABF64-EA0E-42BD-82B4-419AF8BB13E5}.Debug|x86.ActiveCfg = DVD-5
		{7C1ABF64-EA0E-42BD-82B4-419AF8BB13E5}.Debug|x86.Build.0 = DVD-5
		{7C1ABF64-EA0E-42BD-82B4-419AF8BB13E5}.DVD-5|Any CPU.ActiveCfg = DVD-5
		{7C1ABF64-EA0E-42BD-82B4-419AF8BB13E5}.DVD-5|Any CPU.Build.0 = DVD-5
		{7C1ABF64-EA0E-42BD-82B4-419AF8BB13E5}.DVD-5|x86.ActiveCfg = DVD-5
		{7C1ABF64-EA0E-42BD-82B4-419AF8BB13E5}.DVD-5|x86.Build.0 = DVD-5
		{7C1ABF64-EA0E-42BD-82B4-419AF8BB13E5}.Release|Any CPU.ActiveCfg = SingleImage
		{7C1ABF64-EA0E-42BD-82B4-419AF8BB13E5}.Release|Any CPU.Build.0 = SingleImage
		{7C1ABF64-EA0E-42BD-82B4-419AF8BB13E5}.Release|x86.ActiveCfg = SingleImage
		{7C1ABF64-EA0E-42BD-82B4-419AF8BB13E5}.Release|x86.Build.0 = SingleImage
		{7C1ABF64-EA0E-42BD-82B4-419AF8BB13E5}.SingleImage|Any CPU.ActiveCfg = SingleImage
		{7C1ABF64-EA0E-42BD-82B4-419AF8BB13E5}.SingleImage|Any CPU.Build.0 = SingleImage
		{7C1ABF64-EA0E-42BD-82B4-419AF8BB13E5}.SingleImage|x86.ActiveCfg = SingleImage
		{7C1ABF64-EA0E-42BD-82B4-419AF8BB13E5}.SingleImage|x86.Build.0 = SingleImage
	EndGlobalSection
	GlobalSection(SolutionProperties) = preSolution
		HideSolutionNode = FALSE
	EndGlobalSection
	GlobalSection(NestedProjects) = preSolution
		{5D74B3DE-D882-4949-B781-1720C863B41E} = {E56BFB7D-D1EC-47DF-B537-D7682FBEDCEC}
		{847C428B-79E6-43CD-95E9-38DB27644CFB} = {E56BFB7D-D1EC-47DF-B537-D7682FBEDCEC}
		{2A45D147-0E3A-4335-9368-FCEF8D5F2A3D} = {E56BFB7D-D1EC-47DF-B537-D7682FBEDCEC}
		{F8AA65F0-E8FA-472E-B980-86257FCCC19D} = {3F42C899-EB5F-4B35-97D6-9648319C34AC}
		{CEE6F7DD-73BA-47C2-B8DE-CAE081008F8F} = {3F42C899-EB5F-4B35-97D6-9648319C34AC}
		{CA859DC7-6383-4CC2-9479-D8D76B0DE844} = {3F42C899-EB5F-4B35-97D6-9648319C34AC}
		{B9B164F9-754D-4FF1-AE17-ED5A8FC494D0} = {3F42C899-EB5F-4B35-97D6-9648319C34AC}
		{3EDFEB0A-D915-48E4-B724-4A0385674061} = {3F42C899-EB5F-4B35-97D6-9648319C34AC}
		{64B6831D-EB6B-423A-A7F0-92B77B7FBF62} = {3F42C899-EB5F-4B35-97D6-9648319C34AC}
		{B24C18EC-BF2C-4D53-AC75-7CDED5048A7E} = {3F42C899-EB5F-4B35-97D6-9648319C34AC}
		{A7751D07-5FA4-4111-A20F-E971BAEB17AF} = {3F42C899-EB5F-4B35-97D6-9648319C34AC}
		{8F1C6ECB-5068-4839-85DD-F6A195191637} = {3F42C899-EB5F-4B35-97D6-9648319C34AC}
		{53601487-3C76-49FA-B15A-3F05020726E5} = {5E32EBA2-5672-465A-B934-982067FFDF1A}
	EndGlobalSection
EndGlobal
